PackratFormat: 1.4
PackratVersion: 0.5.0
RVersion: 3.6.0
Repos: CRAN=https://cran.rstudio.com/

Package: BH
Source: CRAN
Version: 1.69.0-1
Hash: 15f597ed227897f4f793b6161260f4b9

Package: Matrix
Source: CRAN
Version: 1.2-17
Hash: 3ee56b7c430e66a6222cf6d700788888
Requires: lattice

Package: R6
Source: CRAN
Version: 2.4.0
Hash: 948a547c484e5bea15eee76cc53cce3f

Package: RCurl
Source: CRAN
Version: 1.95-4.12
Hash: 261163f9c66d2a2c7ef8028765ed2838
Requires: bitops

Package: Rcpp
Source: CRAN
Version: 1.0.1
Hash: 390ed5b5da840cec3e6f5c90c6ab23f7

Package: askpass
Source: CRAN
Version: 1.1
Hash: 6f6c430e3cd0dd7d48f447700f4d7e7f
Requires: sys

Package: bitops
Source: CRAN
Version: 1.0-6
Hash: 67d0775189fd0041d95abca618c5c07e

Package: crayon
Source: CRAN
Version: 1.3.4
Hash: ff2840dd9b0d563fc80377a5a45510cd

Package: digest
Source: CRAN
Version: 0.6.18
Hash: 65f62365ec69ddd17230d2ffe891a6ab

Package: htmltools
Source: CRAN
Version: 0.3.6
Hash: ef5869fcbca46a9551ce5b78954a6c2e
Requires: Rcpp, digest

Package: httpuv
Source: CRAN
Version: 1.5.1
Hash: 5df00050ea4610c9092f0feddca187fa
Requires: BH, R6, Rcpp, later, promises

Package: jsonlite
Source: CRAN
Version: 1.6
Hash: 5f969e213e966135393e3e304abf3f49

Package: later
Source: CRAN
Version: 0.8.0
Hash: 165df1e83eab768693fc85f375e7f3ec
Requires: BH, Rcpp, rlang

Package: lattice
Source: CRAN
Version: 0.20-38
Hash: 45211081d39bb6d5a89fd789105901aa

Package: magrittr
Source: CRAN
Version: 1.5
Hash: bdc4d48c3135e8f3b399536ddf160df4

Package: mime
Source: CRAN
Version: 0.6
Hash: 2ed8f98b8284ad733f3907fc6e2f1334

Package: openssl
Source: CRAN
Version: 1.3
Hash: 7235e0ada86fbb386b7e2e3046cda46e
Requires: askpass

Package: packrat
Source: CRAN
Version: 0.5.0
Hash: 498643e765d1442ba7b1160a1df3abf9

Package: promises
Source: CRAN
Version: 1.0.1
Hash: 3a177f5946e3b85c4f65f3ca3e500cd0
Requires: R6, Rcpp, later, magrittr, rlang

Package: reticulate
Source: CRAN
Version: 1.12
Hash: b30cd53e50a645dcac04812fd9550256
Requires: Matrix, Rcpp, jsonlite

Package: rlang
Source: CRAN
Version: 0.3.4
Hash: 6a5220d1a973463418286038095d8c0b

Package: rsconnect
Source: CRAN
Version: 0.8.13
Hash: d93bb8ab6ee93f064771e3d96dd983b9
Requires: RCurl, jsonlite, openssl, packrat, rstudioapi, yaml

Package: rstudioapi
Source: CRAN
Version: 0.10
Hash: 63f43c6ff14d92e1d65ca6c21d45a1eb

Package: shiny
Source: CRAN
Version: 1.3.2
Hash: a48cf01573400333efa51dc999ab6447
Requires: R6, crayon, digest, htmltools, httpuv, jsonlite, later, mime,
    promises, rlang, sourcetools, xtable

Package: shinyjs
Source: CRAN
Version: 1.0
Hash: ea95f751025e50227a96100be35e970b
Requires: digest, htmltools, jsonlite, shiny

Package: sourcetools
Source: CRAN
Version: 0.1.7
Hash: d093478ac90064e670cd4bf1a99b47b6

Package: sys
Source: CRAN
Version: 3.2
Hash: aaa3f56d4255306a32ea30df8ef63901

Package: xtable
Source: CRAN
Version: 1.8-4
Hash: dc0d47261b678d26032363bebd050540

Package: yaml
Source: CRAN
Version: 2.2.0
Hash: a5ad5616d83d89f8d84cbf3cf4034e13
